# THIS IS AN AUTOGENERATED FILE. DO NOT EDIT THIS FILE DIRECTLY.
# yarn lockfile v1


chartjs-plugin-labels@^1.1.0:
  version "1.1.0"
  resolved "https://registry.yarnpkg.com/chartjs-plugin-labels/-/chartjs-plugin-labels-1.1.0.tgz#3a040fa78994e8c482ca4d47426d1e894fe679f5"
  integrity sha512-ab1oiQT7oMnpYDn6h8biL7VZM0qIxtwfhQw1+qH7xe7Ia6lBKX/ks5rEhgI6CZ4PlRRgDFGK9Mf/T2SO9l+NCA==
